
Microsoft Visual Studio Solution File, Format Version 12.00
# Visual Studio 15
Project("{FAE04EC0-301F-11D3-BF4B-00C04F79EFBC}") = "NuGetCredentialProviderSessionTokenCache", "NuGetCredentialProviderSessionTokenCache\NuGetCredentialProviderSessionTokenCache.csproj", "{7336E928-D0F3-46E5-9B60-6F8F394756C1}"
EndProject
Global
	GlobalSection(SolutionConfigurationPlatforms) = preSolution
		Debug|anycpu = Debug|anycpu
		Release|anycpu = Release|anycpu
	EndGlobalSection
	GlobalSection(ProjectConfigurationPlatforms) = postSolution
		{7336E928-D0F3-46E5-9B60-6F8F394756C1}.Debug|anycpu.ActiveCfg = Debug|anycpu
		{7336E928-D0F3-46E5-9B60-6F8F394756C1}.Debug|anycpu.Build.0 = Debug|anycpu
		{7336E928-D0F3-46E5-9B60-6F8F394756C1}.Release|anycpu.ActiveCfg = Release|anycpu
		{7336E928-D0F3-46E5-9B60-6F8F394756C1}.Release|anycpu.Build.0 = Release|anycpu
	EndGlobalSection
EndGlobal
